Microsoft Visual Studio Solution File, Format Version 12.00
# Visual Studio Version 17
VisualStudioVersion = 17.5.2.0
MinimumVisualStudioVersion = 10.0.40219.1
Project("{2150E333-8FDC-42A3-9474-1A3956D46DE8}") = "WEX - End to End Engineering", "WEX - End to End Engineering", "{3C3DCC11-4210-F62E-88A1-1454DEAB3701}"
EndProject
Project("{FAE04EC0-301F-11D3-BF4B-00C04F79EFBC}") = "Estacionamento", "WEX - End to End Engineering\Estacionamento\Estacionamento.csproj", "{0BE462EF-59C2-DC4F-A022-78FBA4B35B03}"
EndProject
Global
	GlobalSection(SolutionConfigurationPlatforms) = preSolution
		Debug|Any CPU = Debug|Any CPU
		Release|Any CPU = Release|Any CPU
	EndGlobalSection
	GlobalSection(ProjectConfigurationPlatforms) = postSolution
		{0BE462EF-59C2-DC4F-A022-78FBA4B35B03}.Debug|Any CPU.ActiveCfg = Debug|Any CPU
		{0BE462EF-59C2-DC4F-A022-78FBA4B35B03}.Debug|Any CPU.Build.0 = Debug|Any CPU
		{0BE462EF-59C2-DC4F-A022-78FBA4B35B03}.Release|Any CPU.ActiveCfg = Release|Any CPU
		{0BE462EF-59C2-DC4F-A022-78FBA4B35B03}.Release|Any CPU.Build.0 = Release|Any CPU
	EndGlobalSection
	GlobalSection(SolutionProperties) = preSolution
		HideSolutionNode = FALSE
	EndGlobalSection
	GlobalSection(NestedProjects) = preSolution
		{0BE462EF-59C2-DC4F-A022-78FBA4B35B03} = {3C3DCC11-4210-F62E-88A1-1454DEAB3701}
	EndGlobalSection
	GlobalSection(ExtensibilityGlobals) = postSolution
		SolutionGuid = {BFC96C22-6F56-441E-AB62-AEF177DA2C6D}
	EndGlobalSection
EndGlobal
